// !$*UTF8*$!
{
	archiveVersion = 1;
	classes = {
	};
	objectVersion = 55;
	objects = {

/* Begin PBXBuildFile section */
		4ADC279D28AD6AE900EF888C /* sample_pipApp.swift in Sources */ = {isa = PBXBuildFile; fileRef = 4ADC279C28AD6AE900EF888C /* sample_pipApp.swift */; };
		4ADC279F28AD6AE900EF888C /* ContentView.swift in Sources */ = {isa = PBXBuildFile; fileRef = 4ADC279E28AD6AE900EF888C /* ContentView.swift */; };
		4ADC27A128AD6AEA00EF888C /* Assets.xcassets in Resources */ = {isa = PBXBuildFile; fileRef = 4ADC27A028AD6AEA00EF888C /* Assets.xcassets */; };
		4ADC27A428AD6AEA00EF888C /* Preview Assets.xcassets in Resources */ = {isa = PBXBuildFile; fileRef = 4ADC27A328AD6AEA00EF888C /* Preview Assets.xcassets */; };
		4ADC27AB28AD6B1800EF888C /* PiPContainerView.swift in Sources */ = {isa = PBXBuildFile; fileRef = 4ADC27AA28AD6B1800EF888C /* PiPContainerView.swift */; };
		4ADC27AD28AD6B5800EF888C /* PiPManager.swift in Sources */ = {isa = PBXBuildFile; fileRef = 4ADC27AC28AD6B5800EF888C /* PiPManager.swift */; };
		4ADC27B328AD6BC700EF888C /* UIViewExtension.swift in Sources */ = {isa = PBXBuildFile; fileRef = 4ADC27B228AD6BC700EF888C /* UIViewExtension.swift */; };
		4ADC27B528AD6E8F00EF888C /* ContentViewModel.swift in Sources */ = {isa = PBXBuildFile; fileRef = 4ADC27B428AD6E8F00EF888C /* ContentViewModel.swift */; };
/* End PBXBuildFile section */

/* Begin PBXFileReference section */
		4ADC279928AD6AE900EF888C /* sample-pip.app */ = {isa = PBXFileReference; explicitFileType = wrapper.application; includeInIndex = 0; path = "sample-pip.app"; sourceTree = BUILT_PRODUCTS_DIR; };
		4ADC279C28AD6AE900EF888C /* sample_pipApp.swift */ = {isa = PBXFileReference; lastKnownFileType = sourcecode.swift; path = sample_pipApp.swift; sourceTree = "<group>"; };
		4ADC279E28AD6AE900EF888C /* ContentView.swift */ = {isa = PBXFileReference; lastKnownFileType = sourcecode.swift; path = ContentView.swift; sourceTree = "<group>"; };
		4ADC27A028AD6AEA00EF888C /* Assets.xcassets */ = {isa = PBXFileReference; lastKnownFileType = folder.assetcatalog; path = Assets.xcassets; sourceTree = "<group>"; };
		4ADC27A328AD6AEA00EF888C /* Preview Assets.xcassets */ = {isa = PBXFileReference; lastKnownFileType = folder.assetcatalog; path = "Preview Assets.xcassets"; sourceTree = "<group>"; };
		4ADC27AA28AD6B1800EF888C /* PiPContainerView.swift */ = {isa = PBXFileReference; lastKnownFileType = sourcecode.swift; path = PiPContainerView.swift; sourceTree = "<group>"; };
		4ADC27AC28AD6B5800EF888C /* PiPManager.swift */ = {isa = PBXFileReference; lastKnownFileType = sourcecode.swift; path = PiPManager.swift; sourceTree = "<group>"; };
		4ADC27B228AD6BC700EF888C /* UIViewExtension.swift */ = {isa = PBXFileReference; fileEncoding = 4; lastKnownFileType = sourcecode.swift; path = UIViewExtension.swift; sourceTree = "<group>"; };
		4ADC27B428AD6E8F00EF888C /* ContentViewModel.swift */ = {isa = PBXFileReference; lastKnownFileType = sourcecode.swift; path = ContentViewModel.swift; sourceTree = "<group>"; };
/* End PBXFileReference section */

/* Begin PBXFrameworksBuildPhase section */
		4ADC279628AD6AE900EF888C /* Frameworks */ = {
			isa = PBXFrameworksBuildPhase;
			buildActionMask = 2147483647;
			files = (
			);
			runOnlyForDeploymentPostprocessing = 0;
		};
/* End PBXFrameworksBuildPhase section */

/* Begin PBXGroup section */
		4A03186228AF76AD00A8DBC5 /* Extension */ = {
			isa = PBXGroup;
			children = (
				4ADC27B228AD6BC700EF888C /* UIViewExtension.swift */,
			);
			path = Extension;
			sourceTree = "<group>";
		};
		4A03186328AF76C000A8DBC5 /* Manager */ = {
			isa = PBXGroup;
			children = (
				4ADC27AC28AD6B5800EF888C /* PiPManager.swift */,
			);
			path = Manager;
			sourceTree = "<group>";
		};
		4A03186428AF76CF00A8DBC5 /* Content */ = {
			isa = PBXGroup;
			children = (
				4ADC279E28AD6AE900EF888C /* ContentView.swift */,
				4ADC27B428AD6E8F00EF888C /* ContentViewModel.swift */,
				4ADC27AA28AD6B1800EF888C /* PiPContainerView.swift */,
			);
			path = Content;
			sourceTree = "<group>";
		};
		4ADC279028AD6AE900EF888C = {
			isa = PBXGroup;
			children = (
				4ADC279B28AD6AE900EF888C /* sample-pip */,
				4ADC279A28AD6AE900EF888C /* Products */,
			);
			sourceTree = "<group>";
		};
		4ADC279A28AD6AE900EF888C /* Products */ = {
			isa = PBXGroup;
			children = (
				4ADC279928AD6AE900EF888C /* sample-pip.app */,
			);
			name = Products;
			sourceTree = "<group>";
		};
		4ADC279B28AD6AE900EF888C /* sample-pip */ = {
			isa = PBXGroup;
			children = (
				4A03186328AF76C000A8DBC5 /* Manager */,
				4A03186228AF76AD00A8DBC5 /* Extension */,
				4A03186428AF76CF00A8DBC5 /* Content */,
				4ADC279C28AD6AE900EF888C /* sample_pipApp.swift */,
				4ADC27A028AD6AEA00EF888C /* Assets.xcassets */,
				4ADC27A228AD6AEA00EF888C /* Preview Content */,
			);
			path = "sample-pip";
			sourceTree = "<group>";
		};
		4ADC27A228AD6AEA00EF888C /* Preview Content */ = {
			isa = PBXGroup;
			children = (
				4ADC27A328AD6AEA00EF888C /* Preview Assets.xcassets */,
			);
			path = "Preview Content";
			sourceTree = "<group>";
		};
/* End PBXGroup section */

/* Begin PBXNativeTarget section */
		4ADC279828AD6AE900EF888C /* sample-pip */ = {
			isa = PBXNativeTarget;
			buildConfigurationList = 4ADC27A728AD6AEA00EF888C /* Build configuration list for PBXNativeTarget "sample-pip" */;
			buildPhases = (
				4ADC279528AD6AE900EF888C /* Sources */,
				4ADC279628AD6AE900EF888C /* Frameworks */,
				4ADC279728AD6AE900EF888C /* Resources */,
			);
			buildRules = (
			);
			dependencies = (
			);
			name = "sample-pip";
			productName = "sample-pip";
			productReference = 4ADC279928AD6AE900EF888C /* sample-pip.app */;
			productType = "com.apple.product-type.application";
		};
/* End PBXNativeTarget section */

/* Begin PBXProject section */
		4ADC279128AD6AE900EF888C /* Project object */ = {
			isa = PBXProject;
			attributes = {
				BuildIndependentTargetsInParallel = 1;
				LastSwiftUpdateCheck = 1340;
				LastUpgradeCheck = 1340;
				TargetAttributes = {
					4ADC279828AD6AE900EF888C = {
						CreatedOnToolsVersion = 13.4.1;
					};
				};
			};
			buildConfigurationList = 4ADC279428AD6AE900EF888C /* Build configuration list for PBXProject "sample-pip" */;
			compatibilityVersion = "Xcode 13.0";
			developmentRegion = en;
			hasScannedForEncodings = 0;
			knownRegions = (
				en,
				Base,
			);
			mainGroup = 4ADC279028AD6AE900EF888C;
			productRefGroup = 4ADC279A28AD6AE900EF888C /* Products */;
			projectDirPath = "";
			projectRoot = "";
			targets = (
				4ADC279828AD6AE900EF888C /* sample-pip */,
			);
		};
/* End PBXProject section */

/* Begin PBXResourcesBuildPhase section */
		4ADC279728AD6AE900EF888C /* Resources */ = {
			isa = PBXResourcesBuildPhase;
			buildActionMask = 2147483647;
			files = (
				4ADC27A428AD6AEA00EF888C /* Preview Assets.xcassets in Resources */,
				4ADC27A128AD6AEA00EF888C /* Assets.xcassets in Resources */,
			);
			runOnlyForDeploymentPostprocessing = 0;
		};
/* End PBXResourcesBuildPhase section */

/* Begin PBXSourcesBuildPhase section */
		4ADC279528AD6AE900EF888C /* Sources */ = {
			isa = PBXSourcesBuildPhase;
			buildActionMask = 2147483647;
			files = (
				4ADC27B528AD6E8F00EF888C /* ContentViewModel.swift in Sources */,
				4ADC279F28AD6AE900EF888C /* ContentView.swift in Sources */,
				4ADC27AB28AD6B1800EF888C /* PiPContainerView.swift in Sources */,
				4ADC279D28AD6AE900EF888C /* sample_pipApp.swift in Sources */,
				4ADC27AD28AD6B5800EF888C /* PiPManager.swift in Sources */,
				4ADC27B328AD6BC700EF888C /* UIViewExtension.swift in Sources */,
			);
			runOnlyForDeploymentPostprocessing = 0;
		};
/* End PBXSourcesBuildPhase section */

/* Begin XCBuildConfiguration section */
		4ADC27A528AD6AEA00EF888C /* Debug */ = {
			isa = XCBuildConfiguration;
			buildSettings = {
				ALWAYS_SEARCH_USER_PATHS = NO;
				CLANG_ANALYZER_NONNULL = YES;
				CLANG_ANALYZER_NUMBER_OBJECT_CONVERSION = YES_AGGRESSIVE;
				CLANG_CXX_LANGUAGE_STANDARD = "gnu++17";
				CLANG_ENABLE_MODULES = YES;
				CLANG_ENABLE_OBJC_ARC = YES;
				CLANG_ENABLE_OBJC_WEAK = YES;
				CLANG_WARN_BLOCK_CAPTURE_AUTORELEASING = YES;
				CLANG_WARN_BOOL_CONVERSION = YES;
				CLANG_WARN_COMMA = YES;
				CLANG_WARN_CONSTANT_CONVERSION = YES;
				CLANG_WARN_DEPRECATED_OBJC_IMPLEMENTATIONS = YES;
				CLANG_WARN_DIRECT_OBJC_ISA_USAGE = YES_ERROR;
				CLANG_WARN_DOCUMENTATION_COMMENTS = YES;
				CLANG_WARN_EMPTY_BODY = YES;
				CLANG_WARN_ENUM_CONVERSION = YES;
				CLANG_WARN_INFINITE_RECURSION = YES;
				CLANG_WARN_INT_CONVERSION = YES;
				CLANG_WARN_NON_LITERAL_NULL_CONVERSION = YES;
				CLANG_WARN_OBJC_IMPLICIT_RETAIN_SELF = YES;
				CLANG_WARN_OBJC_LITERAL_CONVERSION = YES;
				CLANG_WARN_OBJC_ROOT_CLASS = YES_ERROR;
				CLANG_WARN_QUOTED_INCLUDE_IN_FRAMEWORK_HEADER = YES;
				CLANG_WARN_RANGE_LOOP_ANALYSIS = YES;
				CLANG_WARN_STRICT_PROTOTYPES = YES;
				CLANG_WARN_SUSPICIOUS_MOVE = YES;
				CLANG_WARN_UNGUARDED_AVAILABILITY = YES_AGGRESSIVE;
				CLANG_WARN_UNREACHABLE_CODE = YES;
				CLANG_WARN__DUPLICATE_METHOD_MATCH = YES;
				COPY_PHASE_STRIP = NO;
				DEBUG_INFORMATION_FORMAT = dwarf;
				ENABLE_STRICT_OBJC_MSGSEND = YES;
				ENABLE_TESTABILITY = YES;
				GCC_C_LANGUAGE_STANDARD = gnu11;
				GCC_DYNAMIC_NO_PIC = NO;
				GCC_NO_COMMON_BLOCKS = YES;
				GCC_OPTIMIZATION_LEVEL = 0;
				GCC_PREPROCESSOR_DEFINITIONS = (
					"DEBUG=1",
					"$(inherited)",
				);
				GCC_WARN_64_TO_32_BIT_CONVERSION = YES;
				GCC_WARN_ABOUT_RETURN_TYPE = YES_ERROR;
				GCC_WARN_UNDECLARED_SELECTOR = YES;
				GCC_WARN_UNINITIALIZED_AUTOS = YES_AGGRESSIVE;
				GCC_WARN_UNUSED_FUNCTION = YES;
				GCC_WARN_UNUSED_VARIABLE = YES;
				IPHONEOS_DEPLOYMENT_TARGET = 15.0;
				MTL_ENABLE_DEBUG_INFO = INCLUDE_SOURCE;
				MTL_FAST_MATH = YES;
				ONLY_ACTIVE_ARCH = YES;
				SDKROOT = iphoneos;
				SWIFT_ACTIVE_COMPILATION_CONDITIONS = DEBUG;
				SWIFT_OPTIMIZATION_LEVEL = "-Onone";
			};
			name = Debug;
		};
		4ADC27A628AD6AEA00EF888C /* Release */ = {
			isa = XCBuildConfiguration;
			buildSettings = {
				ALWAYS_SEARCH_USER_PATHS = NO;
				CLANG_ANALYZER_NONNULL = YES;
				CLANG_ANALYZER_NUMBER_OBJECT_CONVERSION = YES_AGGRESSIVE;
				CLANG_CXX_LANGUAGE_STANDARD = "gnu++17";
				CLANG_ENABLE_MODULES = YES;
				CLANG_ENABLE_OBJC_ARC = YES;
				CLANG_ENABLE_OBJC_WEAK = YES;
				CLANG_WARN_BLOCK_CAPTURE_AUTORELEASING = YES;
				CLANG_WARN_BOOL_CONVERSION = YES;
				CLANG_WARN_COMMA = YES;
				CLANG_WARN_CONSTANT_CONVERSION = YES;
				CLANG_WARN_DEPRECATED_OBJC_IMPLEMENTATIONS = YES;
				CLANG_WARN_DIRECT_OBJC_ISA_USAGE = YES_ERROR;
				CLANG_WARN_DOCUMENTATION_COMMENTS = YES;
				CLANG_WARN_EMPTY_BODY = YES;
				CLANG_WARN_ENUM_CONVERSION = YES;
				CLANG_WARN_INFINITE_RECURSION = YES;
				CLANG_WARN_INT_CONVERSION = YES;
				CLANG_WARN_NON_LITERAL_NULL_CONVERSION = YES;
				CLANG_WARN_OBJC_IMPLICIT_RETAIN_SELF = YES;
				CLANG_WARN_OBJC_LITERAL_CONVERSION = YES;
				CLANG_WARN_OBJC_ROOT_CLASS = YES_ERROR;
				CLANG_WARN_QUOTED_INCLUDE_IN_FRAMEWORK_HEADER = YES;
				CLANG_WARN_RANGE_LOOP_ANALYSIS = YES;
				CLANG_WARN_STRICT_PROTOTYPES = YES;
				CLANG_WARN_SUSPICIOUS_MOVE = YES;
				CLANG_WARN_UNGUARDED_AVAILABILITY = YES_AGGRESSIVE;
				CLANG_WARN_UNREACHABLE_CODE = YES;
				CLANG_WARN__DUPLICATE_METHOD_MATCH = YES;
				COPY_PHASE_STRIP = NO;
				DEBUG_INFORMATION_FORMAT = "dwarf-with-dsym";
				ENABLE_NS_ASSERTIONS = NO;
				ENABLE_STRICT_OBJC_MSGSEND = YES;
				GCC_C_LANGUAGE_STANDARD = gnu11;
				GCC_NO_COMMON_BLOCKS = YES;
				GCC_WARN_64_TO_32_BIT_CONVERSION = YES;
				GCC_WARN_ABOUT_RETURN_TYPE = YES_ERROR;
				GCC_WARN_UNDECLARED_SELECTOR = YES;
				GCC_WARN_UNINITIALIZED_AUTOS = YES_AGGRESSIVE;
				GCC_WARN_UNUSED_FUNCTION = YES;
				GCC_WARN_UNUSED_VARIABLE = YES;
				IPHONEOS_DEPLOYMENT_TARGET = 15.0;
				MTL_ENABLE_DEBUG_INFO = NO;
				MTL_FAST_MATH = YES;
				SDKROOT = iphoneos;
				SWIFT_COMPILATION_MODE = wholemodule;
				SWIFT_OPTIMIZATION_LEVEL = "-O";
				VALIDATE_PRODUCT = YES;
			};
			name = Release;
		};
		4ADC27A828AD6AEA00EF888C /* Debug */ = {
			isa = XCBuildConfiguration;
			buildSettings = {
				ASSETCATALOG_COMPILER_APPICON_NAME = AppIcon;
				ASSETCATALOG_COMPILER_GLOBAL_ACCENT_COLOR_NAME = AccentColor;
				ASSETCATALOG_COMPILER_INCLUDE_ALL_APPICON_ASSETS = NO;
				CODE_SIGN_STYLE = Automatic;
				CURRENT_PROJECT_VERSION = 1;
				DEVELOPMENT_ASSET_PATHS = "\"sample-pip/Preview Content\"";
				DEVELOPMENT_TEAM = A93B2TPWBT;
				ENABLE_PREVIEWS = YES;
				GENERATE_INFOPLIST_FILE = YES;
				INFOPLIST_FILE = "sample-pip/Info.plist";
				INFOPLIST_KEY_UIApplicationSceneManifest_Generation = YES;
				INFOPLIST_KEY_UIApplicationSupportsIndirectInputEvents = YES;
				INFOPLIST_KEY_UILaunchScreen_Generation = YES;
				INFOPLIST_KEY_UISupportedInterfaceOrientations = "";
				INFOPLIST_KEY_UISupportedInterfaceOrientations_iPad = "UIInterfaceOrientationPortrait UIInterfaceOrientationPortraitUpsideDown UIInterfaceOrientationLandscapeLeft UIInterfaceOrientationLandscapeRight";
				INFOPLIST_KEY_UISupportedInterfaceOrientations_iPhone = "UIInterfaceOrientationPortrait UIInterfaceOrientationLandscapeLeft UIInterfaceOrientationLandscapeRight";
				IPHONEOS_DEPLOYMENT_TARGET = 15.0;
				LD_RUNPATH_SEARCH_PATHS = (
					"$(inherited)",
					"@executable_path/Frameworks",
				);
				MARKETING_VERSION = 1.0;
				PRODUCT_BUNDLE_IDENTIFIER = "com.tsuzuki817.sample-pip";
				PRODUCT_NAME = "$(TARGET_NAME)";
				SWIFT_EMIT_LOC_STRINGS = YES;
				SWIFT_VERSION = 5.0;
				TARGETED_DEVICE_FAMILY = "1,2";
			};
			name = Debug;
		};
		4ADC27A928AD6AEA00EF888C /* Release */ = {
			isa = XCBuildConfiguration;
			buildSettings = {
				ASSETCATALOG_COMPILER_APPICON_NAME = AppIcon;
				ASSETCATALOG_COMPILER_GLOBAL_ACCENT_COLOR_NAME = AccentColor;
				ASSETCATALOG_COMPILER_INCLUDE_ALL_APPICON_ASSETS = NO;
				CODE_SIGN_STYLE = Automatic;
				CURRENT_PROJECT_VERSION = 1;
				DEVELOPMENT_ASSET_PATHS = "\"sample-pip/Preview Content\"";
				DEVELOPMENT_TEAM = A93B2TPWBT;
				ENABLE_PREVIEWS = YES;
				GENERATE_INFOPLIST_FILE = YES;
				INFOPLIST_FILE = "sample-pip/Info.plist";
				INFOPLIST_KEY_UIApplicationSceneManifest_Generation = YES;
				INFOPLIST_KEY_UIApplicationSupportsIndirectInputEvents = YES;
				INFOPLIST_KEY_UILaunchScreen_Generation = YES;
				INFOPLIST_KEY_UISupportedInterfaceOrientations = "";
				INFOPLIST_KEY_UISupportedInterfaceOrientations_iPad = "UIInterfaceOrientationPortrait UIInterfaceOrientationPortraitUpsideDown UIInterfaceOrientationLandscapeLeft UIInterfaceOrientationLandscapeRight";
				INFOPLIST_KEY_UISupportedInterfaceOrientations_iPhone = "UIInterfaceOrientationPortrait UIInterfaceOrientationLandscapeLeft UIInterfaceOrientationLandscapeRight";
				IPHONEOS_DEPLOYMENT_TARGET = 15.0;
				LD_RUNPATH_SEARCH_PATHS = (
					"$(inherited)",
					"@executable_path/Frameworks",
				);
				MARKETING_VERSION = 1.0;
				PRODUCT_BUNDLE_IDENTIFIER = "com.tsuzuki817.sample-pip";
				PRODUCT_NAME = "$(TARGET_NAME)";
				SWIFT_EMIT_LOC_STRINGS = YES;
				SWIFT_VERSION = 5.0;
				TARGETED_DEVICE_FAMILY = "1,2";
			};
			name = Release;
		};
/* End XCBuildConfiguration section */

/* Begin XCConfigurationList section */
		4ADC279428AD6AE900EF888C /* Build configuration list for PBXProject "sample-pip" */ = {
			isa = XCConfigurationList;
			buildConfigurations = (
				4ADC27A528AD6AEA00EF888C /* Debug */,
				4ADC27A628AD6AEA00EF888C /* Release */,
			);
			defaultConfigurationIsVisible = 0;
			defaultConfigurationName = Release;
		};
		4ADC27A728AD6AEA00EF888C /* Build configuration list for PBXNativeTarget "sample-pip" */ = {
			isa = XCConfigurationList;
			buildConfigurations = (
				4ADC27A828AD6AEA00EF888C /* Debug */,
				4ADC27A928AD6AEA00EF888C /* Release */,
			);
			defaultConfigurationIsVisible = 0;
			defaultConfigurationName = Release;
		};
/* End XCConfigurationList section */
	};
	rootObject = 4ADC279128AD6AE900EF888C /* Project object */;
}
